// !$*UTF8*$!
{
	archiveVersion = 1;
	classes = {
	};
	objectVersion = 50;
	objects = {

/* Begin PBXBuildFile section */
		1E32079E262B09A500C0343C /* AppDelegate.swift in Sources */ = {isa = PBXBuildFile; fileRef = 1E32079D262B09A500C0343C /* AppDelegate.swift */; };
		1E3207A0262B09A500C0343C /* SceneDelegate.swift in Sources */ = {isa = PBXBuildFile; fileRef = 1E32079F262B09A500C0343C /* SceneDelegate.swift */; };
		1E3207A5262B09A500C0343C /* Main.storyboard in Resources */ = {isa = PBXBuildFile; fileRef = 1E3207A3262B09A500C0343C /* Main.storyboard */; };
		1E3207A7262B09A500C0343C /* Assets.xcassets in Resources */ = {isa = PBXBuildFile; fileRef = 1E3207A6262B09A500C0343C /* Assets.xcassets */; };
		1E3207AA262B09A500C0343C /* LaunchScreen.storyboard in Resources */ = {isa = PBXBuildFile; fileRef = 1E3207A8262B09A500C0343C /* LaunchScreen.storyboard */; };
		1E3207B3262B09FD00C0343C /* VisibleCollectionViewController.swift in Sources */ = {isa = PBXBuildFile; fileRef = 1E3207B2262B09FD00C0343C /* VisibleCollectionViewController.swift */; };
		1E3207B6262B0C6A00C0343C /* AccessibleCarousel.swift in Sources */ = {isa = PBXBuildFile; fileRef = 1E3207B5262B0C6A00C0343C /* AccessibleCarousel.swift */; };
		1E3207BC262B1B2100C0343C /* UICollectionView+Helpers.swift in Sources */ = {isa = PBXBuildFile; fileRef = 1E3207BB262B1B2100C0343C /* UICollectionView+Helpers.swift */; };
		1E3207BF262B1B9400C0343C /* Color.swift in Sources */ = {isa = PBXBuildFile; fileRef = 1E3207BE262B1B9400C0343C /* Color.swift */; };
/* End PBXBuildFile section */

/* Begin PBXFileReference section */
		1E32079A262B09A500C0343C /* AccessibilityCarouselSample.app */ = {isa = PBXFileReference; explicitFileType = wrapper.application; includeInIndex = 0; path = AccessibilityCarouselSample.app; sourceTree = BUILT_PRODUCTS_DIR; };
		1E32079D262B09A500C0343C /* AppDelegate.swift */ = {isa = PBXFileReference; lastKnownFileType = sourcecode.swift; path = AppDelegate.swift; sourceTree = "<group>"; };
		1E32079F262B09A500C0343C /* SceneDelegate.swift */ = {isa = PBXFileReference; lastKnownFileType = sourcecode.swift; path = SceneDelegate.swift; sourceTree = "<group>"; };
		1E3207A4262B09A500C0343C /* Base */ = {isa = PBXFileReference; lastKnownFileType = file.storyboard; name = Base; path = Base.lproj/Main.storyboard; sourceTree = "<group>"; };
		1E3207A6262B09A500C0343C /* Assets.xcassets */ = {isa = PBXFileReference; lastKnownFileType = folder.assetcatalog; path = Assets.xcassets; sourceTree = "<group>"; };
		1E3207A9262B09A500C0343C /* Base */ = {isa = PBXFileReference; lastKnownFileType = file.storyboard; name = Base; path = Base.lproj/LaunchScreen.storyboard; sourceTree = "<group>"; };
		1E3207AB262B09A500C0343C /* Info.plist */ = {isa = PBXFileReference; lastKnownFileType = text.plist.xml; path = Info.plist; sourceTree = "<group>"; };
		1E3207B2262B09FD00C0343C /* VisibleCollectionViewController.swift */ = {isa = PBXFileReference; lastKnownFileType = sourcecode.swift; path = VisibleCollectionViewController.swift; sourceTree = "<group>"; };
		1E3207B5262B0C6A00C0343C /* AccessibleCarousel.swift */ = {isa = PBXFileReference; lastKnownFileType = sourcecode.swift; path = AccessibleCarousel.swift; sourceTree = "<group>"; };
		1E3207BB262B1B2100C0343C /* UICollectionView+Helpers.swift */ = {isa = PBXFileReference; lastKnownFileType = sourcecode.swift; path = "UICollectionView+Helpers.swift"; sourceTree = "<group>"; };
		1E3207BE262B1B9400C0343C /* Color.swift */ = {isa = PBXFileReference; lastKnownFileType = sourcecode.swift; path = Color.swift; sourceTree = "<group>"; };
/* End PBXFileReference section */

/* Begin PBXFrameworksBuildPhase section */
		1E320797262B09A500C0343C /* Frameworks */ = {
			isa = PBXFrameworksBuildPhase;
			buildActionMask = 2147483647;
			files = (
			);
			runOnlyForDeploymentPostprocessing = 0;
		};
/* End PBXFrameworksBuildPhase section */

/* Begin PBXGroup section */
		1E320791262B09A500C0343C = {
			isa = PBXGroup;
			children = (
				1E32079C262B09A500C0343C /* AccessibilityCarouselSample */,
				1E32079B262B09A500C0343C /* Products */,
			);
			sourceTree = "<group>";
		};
		1E32079B262B09A500C0343C /* Products */ = {
			isa = PBXGroup;
			children = (
				1E32079A262B09A500C0343C /* AccessibilityCarouselSample.app */,
			);
			name = Products;
			sourceTree = "<group>";
		};
		1E32079C262B09A500C0343C /* AccessibilityCarouselSample */ = {
			isa = PBXGroup;
			children = (
				1E32079D262B09A500C0343C /* AppDelegate.swift */,
				1E32079F262B09A500C0343C /* SceneDelegate.swift */,
				1E3207C3262B1BE200C0343C /* Carousel */,
				1E3207A3262B09A500C0343C /* Main.storyboard */,
				1E3207A6262B09A500C0343C /* Assets.xcassets */,
				1E3207A8262B09A500C0343C /* LaunchScreen.storyboard */,
				1E3207AB262B09A500C0343C /* Info.plist */,
			);
			path = AccessibilityCarouselSample;
			sourceTree = "<group>";
		};
		1E3207C3262B1BE200C0343C /* Carousel */ = {
			isa = PBXGroup;
			children = (
				1E3207B2262B09FD00C0343C /* VisibleCollectionViewController.swift */,
				1E3207BE262B1B9400C0343C /* Color.swift */,
				1E3207B5262B0C6A00C0343C /* AccessibleCarousel.swift */,
				1E3207BB262B1B2100C0343C /* UICollectionView+Helpers.swift */,
			);
			path = Carousel;
			sourceTree = "<group>";
		};
/* End PBXGroup section */

/* Begin PBXNativeTarget section */
		1E320799262B09A500C0343C /* AccessibilityCarouselSample */ = {
			isa = PBXNativeTarget;
			buildConfigurationList = 1E3207AE262B09A500C0343C /* Build configuration list for PBXNativeTarget "AccessibilityCarouselSample" */;
			buildPhases = (
				1E320796262B09A500C0343C /* Sources */,
				1E320797262B09A500C0343C /* Frameworks */,
				1E320798262B09A500C0343C /* Resources */,
			);
			buildRules = (
			);
			dependencies = (
			);
			name = AccessibilityCarouselSample;
			productName = AccessibilityCarouselSample;
			productReference = 1E32079A262B09A500C0343C /* AccessibilityCarouselSample.app */;
			productType = "com.apple.product-type.application";
		};
/* End PBXNativeTarget section */

/* Begin PBXProject section */
		1E320792262B09A500C0343C /* Project object */ = {
			isa = PBXProject;
			attributes = {
				LastSwiftUpdateCheck = 1240;
				LastUpgradeCheck = 1240;
				TargetAttributes = {
					1E320799262B09A500C0343C = {
						CreatedOnToolsVersion = 12.4;
					};
				};
			};
			buildConfigurationList = 1E320795262B09A500C0343C /* Build configuration list for PBXProject "AccessibilityCarouselSample" */;
			compatibilityVersion = "Xcode 9.3";
			developmentRegion = en;
			hasScannedForEncodings = 0;
			knownRegions = (
				en,
				Base,
			);
			mainGroup = 1E320791262B09A500C0343C;
			productRefGroup = 1E32079B262B09A500C0343C /* Products */;
			projectDirPath = "";
			projectRoot = "";
			targets = (
				1E320799262B09A500C0343C /* AccessibilityCarouselSample */,
			);
		};
/* End PBXProject section */

/* Begin PBXResourcesBuildPhase section */
		1E320798262B09A500C0343C /* Resources */ = {
			isa = PBXResourcesBuildPhase;
			buildActionMask = 2147483647;
			files = (
				1E3207AA262B09A500C0343C /* LaunchScreen.storyboard in Resources */,
				1E3207A7262B09A500C0343C /* Assets.xcassets in Resources */,
				1E3207A5262B09A500C0343C /* Main.storyboard in Resources */,
			);
			runOnlyForDeploymentPostprocessing = 0;
		};
/* End PBXResourcesBuildPhase section */

/* Begin PBXSourcesBuildPhase section */
		1E320796262B09A500C0343C /* Sources */ = {
			isa = PBXSourcesBuildPhase;
			buildActionMask = 2147483647;
			files = (
				1E3207BC262B1B2100C0343C /* UICollectionView+Helpers.swift in Sources */,
				1E3207BF262B1B9400C0343C /* Color.swift in Sources */,
				1E3207B3262B09FD00C0343C /* VisibleCollectionViewController.swift in Sources */,
				1E3207B6262B0C6A00C0343C /* AccessibleCarousel.swift in Sources */,
				1E32079E262B09A500C0343C /* AppDelegate.swift in Sources */,
				1E3207A0262B09A500C0343C /* SceneDelegate.swift in Sources */,
			);
			runOnlyForDeploymentPostprocessing = 0;
		};
/* End PBXSourcesBuildPhase section */

/* Begin PBXVariantGroup section */
		1E3207A3262B09A500C0343C /* Main.storyboard */ = {
			isa = PBXVariantGroup;
			children = (
				1E3207A4262B09A500C0343C /* Base */,
			);
			name = Main.storyboard;
			sourceTree = "<group>";
		};
		1E3207A8262B09A500C0343C /* LaunchScreen.storyboard */ = {
			isa = PBXVariantGroup;
			children = (
				1E3207A9262B09A500C0343C /* Base */,
			);
			name = LaunchScreen.storyboard;
			sourceTree = "<group>";
		};
/* End PBXVariantGroup section */

/* Begin XCBuildConfiguration section */
		1E3207AC262B09A500C0343C /* Debug */ = {
			isa = XCBuildConfiguration;
			buildSettings = {
				ALWAYS_SEARCH_USER_PATHS = NO;
				CLANG_ANALYZER_NONNULL = YES;
				CLANG_ANALYZER_NUMBER_OBJECT_CONVERSION = YES_AGGRESSIVE;
				CLANG_CXX_LANGUAGE_STANDARD = "gnu++14";
				CLANG_CXX_LIBRARY = "libc++";
				CLANG_ENABLE_MODULES = YES;
				CLANG_ENABLE_OBJC_ARC = YES;
				CLANG_ENABLE_OBJC_WEAK = YES;
				CLANG_WARN_BLOCK_CAPTURE_AUTORELEASING = YES;
				CLANG_WARN_BOOL_CONVERSION = YES;
				CLANG_WARN_COMMA = YES;
				CLANG_WARN_CONSTANT_CONVERSION = YES;
				CLANG_WARN_DEPRECATED_OBJC_IMPLEMENTATIONS = YES;
				CLANG_WARN_DIRECT_OBJC_ISA_USAGE = YES_ERROR;
				CLANG_WARN_DOCUMENTATION_COMMENTS = YES;
				CLANG_WARN_EMPTY_BODY = YES;
				CLANG_WARN_ENUM_CONVERSION = YES;
				CLANG_WARN_INFINITE_RECURSION = YES;
				CLANG_WARN_INT_CONVERSION = YES;
				CLANG_WARN_NON_LITERAL_NULL_CONVERSION = YES;
				CLANG_WARN_OBJC_IMPLICIT_RETAIN_SELF = YES;
				CLANG_WARN_OBJC_LITERAL_CONVERSION = YES;
				CLANG_WARN_OBJC_ROOT_CLASS = YES_ERROR;
				CLANG_WARN_QUOTED_INCLUDE_IN_FRAMEWORK_HEADER = YES;
				CLANG_WARN_RANGE_LOOP_ANALYSIS = YES;
				CLANG_WARN_STRICT_PROTOTYPES = YES;
				CLANG_WARN_SUSPICIOUS_MOVE = YES;
				CLANG_WARN_UNGUARDED_AVAILABILITY = YES_AGGRESSIVE;
				CLANG_WARN_UNREACHABLE_CODE = YES;
				CLANG_WARN__DUPLICATE_METHOD_MATCH = YES;
				COPY_PHASE_STRIP = NO;
				DEBUG_INFORMATION_FORMAT = dwarf;
				ENABLE_STRICT_OBJC_MSGSEND = YES;
				ENABLE_TESTABILITY = YES;
				GCC_C_LANGUAGE_STANDARD = gnu11;
				GCC_DYNAMIC_NO_PIC = NO;
				GCC_NO_COMMON_BLOCKS = YES;
				GCC_OPTIMIZATION_LEVEL = 0;
				GCC_PREPROCESSOR_DEFINITIONS = (
					"DEBUG=1",
					"$(inherited)",
				);
				GCC_WARN_64_TO_32_BIT_CONVERSION = YES;
				GCC_WARN_ABOUT_RETURN_TYPE = YES_ERROR;
				GCC_WARN_UNDECLARED_SELECTOR = YES;
				GCC_WARN_UNINITIALIZED_AUTOS = YES_AGGRESSIVE;
				GCC_WARN_UNUSED_FUNCTION = YES;
				GCC_WARN_UNUSED_VARIABLE = YES;
				IPHONEOS_DEPLOYMENT_TARGET = 14.4;
				MTL_ENABLE_DEBUG_INFO = INCLUDE_SOURCE;
				MTL_FAST_MATH = YES;
				ONLY_ACTIVE_ARCH = YES;
				SDKROOT = iphoneos;
				SWIFT_ACTIVE_COMPILATION_CONDITIONS = DEBUG;
				SWIFT_OPTIMIZATION_LEVEL = "-Onone";
			};
			name = Debug;
		};
		1E3207AD262B09A500C0343C /* Release */ = {
			isa = XCBuildConfiguration;
			buildSettings = {
				ALWAYS_SEARCH_USER_PATHS = NO;
				CLANG_ANALYZER_NONNULL = YES;
				CLANG_ANALYZER_NUMBER_OBJECT_CONVERSION = YES_AGGRESSIVE;
				CLANG_CXX_LANGUAGE_STANDARD = "gnu++14";
				CLANG_CXX_LIBRARY = "libc++";
				CLANG_ENABLE_MODULES = YES;
				CLANG_ENABLE_OBJC_ARC = YES;
				CLANG_ENABLE_OBJC_WEAK = YES;
				CLANG_WARN_BLOCK_CAPTURE_AUTORELEASING = YES;
				CLANG_WARN_BOOL_CONVERSION = YES;
				CLANG_WARN_COMMA = YES;
				CLANG_WARN_CONSTANT_CONVERSION = YES;
				CLANG_WARN_DEPRECATED_OBJC_IMPLEMENTATIONS = YES;
				CLANG_WARN_DIRECT_OBJC_ISA_USAGE = YES_ERROR;
				CLANG_WARN_DOCUMENTATION_COMMENTS = YES;
				CLANG_WARN_EMPTY_BODY = YES;
				CLANG_WARN_ENUM_CONVERSION = YES;
				CLANG_WARN_INFINITE_RECURSION = YES;
				CLANG_WARN_INT_CONVERSION = YES;
				CLANG_WARN_NON_LITERAL_NULL_CONVERSION = YES;
				CLANG_WARN_OBJC_IMPLICIT_RETAIN_SELF = YES;
				CLANG_WARN_OBJC_LITERAL_CONVERSION = YES;
				CLANG_WARN_OBJC_ROOT_CLASS = YES_ERROR;
				CLANG_WARN_QUOTED_INCLUDE_IN_FRAMEWORK_HEADER = YES;
				CLANG_WARN_RANGE_LOOP_ANALYSIS = YES;
				CLANG_WARN_STRICT_PROTOTYPES = YES;
				CLANG_WARN_SUSPICIOUS_MOVE = YES;
				CLANG_WARN_UNGUARDED_AVAILABILITY = YES_AGGRESSIVE;
				CLANG_WARN_UNREACHABLE_CODE = YES;
				CLANG_WARN__DUPLICATE_METHOD_MATCH = YES;
				COPY_PHASE_STRIP = NO;
				DEBUG_INFORMATION_FORMAT = "dwarf-with-dsym";
				ENABLE_NS_ASSERTIONS = NO;
				ENABLE_STRICT_OBJC_MSGSEND = YES;
				GCC_C_LANGUAGE_STANDARD = gnu11;
				GCC_NO_COMMON_BLOCKS = YES;
				GCC_WARN_64_TO_32_BIT_CONVERSION = YES;
				GCC_WARN_ABOUT_RETURN_TYPE = YES_ERROR;
				GCC_WARN_UNDECLARED_SELECTOR = YES;
				GCC_WARN_UNINITIALIZED_AUTOS = YES_AGGRESSIVE;
				GCC_WARN_UNUSED_FUNCTION = YES;
				GCC_WARN_UNUSED_VARIABLE = YES;
				IPHONEOS_DEPLOYMENT_TARGET = 14.4;
				MTL_ENABLE_DEBUG_INFO = NO;
				MTL_FAST_MATH = YES;
				SDKROOT = iphoneos;
				SWIFT_COMPILATION_MODE = wholemodule;
				SWIFT_OPTIMIZATION_LEVEL = "-O";
				VALIDATE_PRODUCT = YES;
			};
			name = Release;
		};
		1E3207AF262B09A500C0343C /* Debug */ = {
			isa = XCBuildConfiguration;
			buildSettings = {
				ASSETCATALOG_COMPILER_APPICON_NAME = AppIcon;
				ASSETCATALOG_COMPILER_GLOBAL_ACCENT_COLOR_NAME = AccentColor;
				CODE_SIGN_STYLE = Automatic;
				DEVELOPMENT_TEAM = "";
				INFOPLIST_FILE = AccessibilityCarouselSample/Info.plist;
				LD_RUNPATH_SEARCH_PATHS = (
					"$(inherited)",
					"@executable_path/Frameworks",
				);
				PRODUCT_BUNDLE_IDENTIFIER = ru.rubanov.AccessibilityCarouselSample;
				PRODUCT_NAME = "$(TARGET_NAME)";
				SWIFT_VERSION = 5.0;
				TARGETED_DEVICE_FAMILY = "1,2";
			};
			name = Debug;
		};
		1E3207B0262B09A500C0343C /* Release */ = {
			isa = XCBuildConfiguration;
			buildSettings = {
				ASSETCATALOG_COMPILER_APPICON_NAME = AppIcon;
				ASSETCATALOG_COMPILER_GLOBAL_ACCENT_COLOR_NAME = AccentColor;
				CODE_SIGN_STYLE = Automatic;
				DEVELOPMENT_TEAM = "";
				INFOPLIST_FILE = AccessibilityCarouselSample/Info.plist;
				LD_RUNPATH_SEARCH_PATHS = (
					"$(inherited)",
					"@executable_path/Frameworks",
				);
				PRODUCT_BUNDLE_IDENTIFIER = ru.rubanov.AccessibilityCarouselSample;
				PRODUCT_NAME = "$(TARGET_NAME)";
				SWIFT_VERSION = 5.0;
				TARGETED_DEVICE_FAMILY = "1,2";
			};
			name = Release;
		};
/* End XCBuildConfiguration section */

/* Begin XCConfigurationList section */
		1E320795262B09A500C0343C /* Build configuration list for PBXProject "AccessibilityCarouselSample" */ = {
			isa = XCConfigurationList;
			buildConfigurations = (
				1E3207AC262B09A500C0343C /* Debug */,
				1E3207AD262B09A500C0343C /* Release */,
			);
			defaultConfigurationIsVisible = 0;
			defaultConfigurationName = Release;
		};
		1E3207AE262B09A500C0343C /* Build configuration list for PBXNativeTarget "AccessibilityCarouselSample" */ = {
			isa = XCConfigurationList;
			buildConfigurations = (
				1E3207AF262B09A500C0343C /* Debug */,
				1E3207B0262B09A500C0343C /* Release */,
			);
			defaultConfigurationIsVisible = 0;
			defaultConfigurationName = Release;
		};
/* End XCConfigurationList section */
	};
	rootObject = 1E320792262B09A500C0343C /* Project object */;
}
